
Microsoft Visual Studio Solution File, Format Version 12.00
# Visual Studio Version 17
VisualStudioVersion = 17.3.32819.101
MinimumVisualStudioVersion = 10.0.40219.1
Project("{FAE04EC0-301F-11D3-BF4B-00C04F79EFBC}") = "WebApplication1", "WebApplication1\WebApplication1.csproj", "{847582A2-8CAC-424F-A513-924C9EE1A33B}"
EndProject
Global
	GlobalSection(SolutionConfigurationPlatforms) = preSolution
		Debug|Any CPU = Debug|Any CPU
		Release|Any CPU = Release|Any CPU
	EndGlobalSection
	GlobalSection(ProjectConfigurationPlatforms) = postSolution
		{847582A2-8CAC-424F-A513-924C9EE1A33B}.Debug|Any CPU.ActiveCfg = Debug|Any CPU
		{847582A2-8CAC-424F-A513-924C9EE1A33B}.Debug|Any CPU.Build.0 = Debug|Any CPU
		{847582A2-8CAC-424F-A513-924C9EE1A33B}.Release|Any CPU.ActiveCfg = Release|Any CPU
		{847582A2-8CAC-424F-A513-924C9EE1A33B}.Release|Any CPU.Build.0 = Release|Any CPU
	EndGlobalSection
	GlobalSection(SolutionProperties) = preSolution
		HideSolutionNode = FALSE
	EndGlobalSection
	GlobalSection(ExtensibilityGlobals) = postSolution
		SolutionGuid = {10B86904-80CB-4E72-BCB6-6376DA094D07}
	EndGlobalSection
EndGlobal
